{
  "requires": true,
  "lockfileVersion": 1,
  "dependencies": {
    "konva": {
      "version": "3.2.4",
      "resolved": "https://registry.npmjs.org/konva/-/konva-3.2.4.tgz",
      "integrity": "sha512-ej5Jj7OmqecjxJQn1p9twUZkesIIJrc3aJi9B3Wp7apg+IOzxuIL9Ynbzoj9j7F0uxqT+IExntnF8FYizPqUBQ=="
    }
  }
}
